<?xml version="1.0" encoding="utf-8"?>
<Project ToolsVersion="4.0" xmlns="http://schemas.microsoft.com/developer/msbuild/2003">
  <ItemGroup>
    <Filter Include="Source Files">
      <UniqueIdentifier>{7e49f8ba-daa4-40f7-9164-b4ea36c3984b}</UniqueIdentifier>
      <Extensions>cpp;c;cxx;rc;def;r;odl;idl;hpj;bat;f90;for;f;fpp</Extensions>
    </Filter>
    <Filter Include="Header Files">
      <UniqueIdentifier>{b731396f-ab60-4bb3-85a1-6f3d8ef099d9}</UniqueIdentifier>
      <Extensions>h;hpp;hxx;hm;inl;fi;fd</Extensions>
    </Filter>
    <Filter Include="Resource Files">
      <UniqueIdentifier>{93db0c8a-1430-48e5-b837-802c5136c362}</UniqueIdentifier>
      <Extensions>ico;cur;bmp;dlg;rc2;rct;bin;rgs;gif;jpg;jpeg;jpe</Extensions>
    </Filter>
  </ItemGroup>
  <ItemGroup>
    <ClCompile Include="main.cpp">
      <Filter>Source Files</Filter>
    </ClCompile>
    <ClCompile Include="guibld.cpp">
      <Filter>Source Files</Filter>
    </ClCompile>
    <ClCompile Include="guicb.cpp">
      <Filter>Source Files</Filter>
    </ClCompile>
    <ClCompile Include="guidefs.cpp">
      <Filter>Source Files</Filter>
    </ClCompile>
    <ClCompile Include="probetest.cpp">
      <Filter>Source Files</Filter>
    </ClCompile>
  </ItemGroup>
  <ItemGroup>
    <ClInclude Include="ADDGLBL.h">
      <Filter>Header Files</Filter>
    </ClInclude>
    <ClInclude Include="GUIDEFS.h">
      <Filter>Header Files</Filter>
    </ClInclude>
    <ClInclude Include="resource.h">
      <Filter>Resource Files</Filter>
    </ClInclude>
    <ClInclude Include="PROBETEST.h">
      <Filter>Header Files</Filter>
    </ClInclude>
  </ItemGroup>
  <ItemGroup>
    <ResourceCompile Include="GeneralPurposeSample.rc">
      <Filter>Resource Files</Filter>
    </ResourceCompile>
  </ItemGroup>
  <ItemGroup>
    <None Include="gui.lay" />
    <None Include="tgb.cfg" />
  </ItemGroup>
  <ItemGroup>
    <Text Include="ReadMe.txt" />
  </ItemGroup>
  <ItemGroup>
    <CustomBuild Include="ADDONVER.h">
      <Filter>Header Files</Filter>
    </CustomBuild>
  </ItemGroup>
</Project>