<?xml version="1.0" encoding="utf-8"?>
<Project ToolsVersion="4.0" xmlns="http://schemas.microsoft.com/developer/msbuild/2003">
  <ItemGroup>
    <ClCompile Include="lib\assert.cpp">
      <Filter>Source Files</Filter>
    </ClCompile>
    <ClCompile Include="lib\debug.cpp">
      <Filter>Source Files</Filter>
    </ClCompile>
    <ClCompile Include="lib\2d_sphere\mesh.cpp">
      <Filter>Source Files</Filter>
    </ClCompile>
    <ClCompile Include="lib\2d_sphere\meshgen2D_sphere.cpp">
      <Filter>Source Files</Filter>
    </ClCompile>
    <ClCompile Include="lib\ParseArguments.cpp">
      <Filter>Source Files</Filter>
    </ClCompile>
    <ClCompile Include="lib\2d_sphere\ScreenOutput.cpp">
      <Filter>Source Files</Filter>
    </ClCompile>
    <ClCompile Include="lib\tensors.cpp">
      <Filter>Source Files</Filter>
    </ClCompile>
    <ClCompile Include="lib\Unique.cpp">
      <Filter>Source Files</Filter>
    </ClCompile>
  </ItemGroup>
  <ItemGroup>
    <ClInclude Include="lib\assert.h">
      <Filter>Header Files</Filter>
    </ClInclude>
    <ClInclude Include="lib\constants.h">
      <Filter>Header Files</Filter>
    </ClInclude>
    <ClInclude Include="lib\debug.h">
      <Filter>Header Files</Filter>
    </ClInclude>
    <ClInclude Include="lib\dimdefs.h">
      <Filter>Header Files</Filter>
    </ClInclude>
    <ClInclude Include="lib\2d_sphere\mesh.h">
      <Filter>Header Files</Filter>
    </ClInclude>
    <ClInclude Include="lib\meshdefs.h">
      <Filter>Header Files</Filter>
    </ClInclude>
    <ClInclude Include="lib\2d_sphere\meshgen2d_sphere.h">
      <Filter>Header Files</Filter>
    </ClInclude>
    <ClInclude Include="lib\parsearguments.h">
      <Filter>Header Files</Filter>
    </ClInclude>
    <ClInclude Include="lib\2d_sphere\screenoutput.h">
      <Filter>Header Files</Filter>
    </ClInclude>
    <ClInclude Include="lib\structs.h">
      <Filter>Header Files</Filter>
    </ClInclude>
    <ClInclude Include="lib\tensors.h">
      <Filter>Header Files</Filter>
    </ClInclude>
    <ClInclude Include="lib\unique.h">
      <Filter>Header Files</Filter>
    </ClInclude>
    <ClInclude Include="lib\VoidStream.h">
      <Filter>Header Files</Filter>
    </ClInclude>
  </ItemGroup>
  <ItemGroup>
    <Filter Include="Source Files">
      <UniqueIdentifier>{d081aaf0-6223-4d4d-a7ef-692ff932d83e}</UniqueIdentifier>
      <Extensions>cpp;c;cc;cxx;def;odl;idl;hpj;bat;asm;asmx</Extensions>
    </Filter>
    <Filter Include="Header Files">
      <UniqueIdentifier>{919a6d94-7f8b-4c73-85a9-1a2971a145af}</UniqueIdentifier>
      <Extensions>h;hh;hpp;hxx;hm;inl;inc;xsd</Extensions>
    </Filter>
  </ItemGroup>
</Project>