<?xml version="1.0" encoding="utf-8"?>
<Project ToolsVersion="4.0" xmlns="http://schemas.microsoft.com/developer/msbuild/2003">
  <ItemGroup>
    <Filter Include="Source Files">
      <UniqueIdentifier>{4FC737F1-C7A5-4376-A066-2A32D752A2FF}</UniqueIdentifier>
      <Extensions>cpp;c;cc;cxx;def;odl;idl;hpj;bat;asm;asmx</Extensions>
    </Filter>
    <Filter Include="Header Files">
      <UniqueIdentifier>{93995380-89BD-4b04-88EB-625FBE52EBFB}</UniqueIdentifier>
      <Extensions>h;hh;hpp;hxx;hm;inl;inc;xsd</Extensions>
    </Filter>
    <Filter Include="Resource Files">
      <UniqueIdentifier>{67DA6AB6-F800-4c08-8B7A-83BB121AAD01}</UniqueIdentifier>
      <Extensions>rc;ico;cur;bmp;dlg;rc2;rct;bin;rgs;gif;jpg;jpeg;jpe;resx;tiff;tif;png;wav;mfcribbon-ms</Extensions>
    </Filter>
  </ItemGroup>
  <ItemGroup>
    <ClCompile Include="main.cpp">
      <Filter>Source Files</Filter>
    </ClCompile>
    <ClCompile Include="lib\assert.cpp">
      <Filter>Source Files</Filter>
    </ClCompile>
    <ClCompile Include="lib\debug.cpp">
      <Filter>Source Files</Filter>
    </ClCompile>
    <ClCompile Include="lib\ParseArguments.cpp">
      <Filter>Source Files</Filter>
    </ClCompile>
    <ClCompile Include="lib\tensors.cpp">
      <Filter>Source Files</Filter>
    </ClCompile>
    <ClCompile Include="lib\Unique.cpp">
      <Filter>Source Files</Filter>
    </ClCompile>
    <ClCompile Include="lib\2d_sphere\mesh.cpp">
      <Filter>Source Files</Filter>
    </ClCompile>
    <ClCompile Include="lib\2d_sphere\meshgen2D_sphere.cpp">
      <Filter>Source Files</Filter>
    </ClCompile>
    <ClCompile Include="lib\2d_sphere\ScreenOutput.cpp">
      <Filter>Source Files</Filter>
    </ClCompile>
  </ItemGroup>
  <ItemGroup>
    <ClInclude Include="lib\assert.h">
      <Filter>Header Files</Filter>
    </ClInclude>
    <ClInclude Include="lib\constants.h">
      <Filter>Header Files</Filter>
    </ClInclude>
    <ClInclude Include="lib\debug.h">
      <Filter>Header Files</Filter>
    </ClInclude>
    <ClInclude Include="lib\dimdefs.h">
      <Filter>Header Files</Filter>
    </ClInclude>
    <ClInclude Include="lib\meshdefs.h">
      <Filter>Header Files</Filter>
    </ClInclude>
    <ClInclude Include="lib\parsearguments.h">
      <Filter>Header Files</Filter>
    </ClInclude>
    <ClInclude Include="lib\structs.h">
      <Filter>Header Files</Filter>
    </ClInclude>
    <ClInclude Include="lib\tensors.h">
      <Filter>Header Files</Filter>
    </ClInclude>
    <ClInclude Include="lib\unique.h">
      <Filter>Header Files</Filter>
    </ClInclude>
    <ClInclude Include="lib\VoidStream.h">
      <Filter>Header Files</Filter>
    </ClInclude>
    <ClInclude Include="lib\2d_sphere\mesh.h">
      <Filter>Header Files</Filter>
    </ClInclude>
    <ClInclude Include="lib\2d_sphere\meshgen2d_sphere.h">
      <Filter>Header Files</Filter>
    </ClInclude>
    <ClInclude Include="lib\2d_sphere\screenoutput.h">
      <Filter>Header Files</Filter>
    </ClInclude>
  </ItemGroup>
</Project>