
Microsoft Visual Studio Solution File, Format Version 9.00
# Visual Studio 2005
Project("{8BC9CEB8-8B4A-11D0-8D11-00A0C91BC942}") = "sgradtopo", "sgradtopo.vcproj", "{8737D585-E2AD-44AD-B496-5C15883F25AF}"
	ProjectSection(ProjectDependencies) = postProject
		{BDE2196C-60CE-463C-A111-AFF63B7F2C5C} = {BDE2196C-60CE-463C-A111-AFF63B7F2C5C}
	EndProjectSection
EndProject
Project("{8BC9CEB8-8B4A-11D0-8D11-00A0C91BC942}") = "tecint", "..\tecint\lib\tecint.vcproj", "{BDE2196C-60CE-463C-A111-AFF63B7F2C5C}"
EndProject
Global
	GlobalSection(SolutionConfigurationPlatforms) = preSolution
		Debug|Win32 = Debug|Win32
		Debug|x64 = Debug|x64
		Release|Win32 = Release|Win32
		Release|x64 = Release|x64
	EndGlobalSection
	GlobalSection(ProjectConfigurationPlatforms) = postSolution
		{8737D585-E2AD-44AD-B496-5C15883F25AF}.Debug|Win32.ActiveCfg = Debug|Win32
		{8737D585-E2AD-44AD-B496-5C15883F25AF}.Debug|Win32.Build.0 = Debug|Win32
		{8737D585-E2AD-44AD-B496-5C15883F25AF}.Debug|x64.ActiveCfg = Debug|x64
		{8737D585-E2AD-44AD-B496-5C15883F25AF}.Debug|x64.Build.0 = Debug|x64
		{8737D585-E2AD-44AD-B496-5C15883F25AF}.Release|Win32.ActiveCfg = Release|Win32
		{8737D585-E2AD-44AD-B496-5C15883F25AF}.Release|Win32.Build.0 = Release|Win32
		{8737D585-E2AD-44AD-B496-5C15883F25AF}.Release|x64.ActiveCfg = Release|x64
		{8737D585-E2AD-44AD-B496-5C15883F25AF}.Release|x64.Build.0 = Release|x64
		{BDE2196C-60CE-463C-A111-AFF63B7F2C5C}.Debug|Win32.ActiveCfg = Debug|Win32
		{BDE2196C-60CE-463C-A111-AFF63B7F2C5C}.Debug|Win32.Build.0 = Debug|Win32
		{BDE2196C-60CE-463C-A111-AFF63B7F2C5C}.Debug|x64.ActiveCfg = Debug|x64
		{BDE2196C-60CE-463C-A111-AFF63B7F2C5C}.Debug|x64.Build.0 = Debug|x64
		{BDE2196C-60CE-463C-A111-AFF63B7F2C5C}.Release|Win32.ActiveCfg = Release|Win32
		{BDE2196C-60CE-463C-A111-AFF63B7F2C5C}.Release|Win32.Build.0 = Release|Win32
		{BDE2196C-60CE-463C-A111-AFF63B7F2C5C}.Release|x64.ActiveCfg = Release|x64
		{BDE2196C-60CE-463C-A111-AFF63B7F2C5C}.Release|x64.Build.0 = Release|x64
	EndGlobalSection
	GlobalSection(SolutionProperties) = preSolution
		HideSolutionNode = FALSE
	EndGlobalSection
EndGlobal
