<?xml version="1.0" encoding="utf-8"?>
<Project ToolsVersion="4.0" xmlns="http://schemas.microsoft.com/developer/msbuild/2003">
  <ItemGroup>
    <Filter Include="Source Files">
      <UniqueIdentifier>{c7245075-85ab-4bc2-bb40-e5ab4e66e6a1}</UniqueIdentifier>
      <Extensions>cpp;c;cxx;rc;def;r;odl;idl;hpj;bat</Extensions>
    </Filter>
    <Filter Include="Header Files">
      <UniqueIdentifier>{16c6e04f-cf6b-4cc2-b8d2-584dfa7e3b90}</UniqueIdentifier>
      <Extensions>h;hpp;hxx;hm;inl</Extensions>
    </Filter>
    <Filter Include="Resource Files">
      <UniqueIdentifier>{a174fd3b-3aa2-4bfb-bd78-34da856c00fd}</UniqueIdentifier>
      <Extensions>ico;cur;bmp;dlg;rc2;rct;bin;rgs;gif;jpg;jpeg;jpe</Extensions>
    </Filter>
  </ItemGroup>
  <ItemGroup>
    <ClCompile Include="engine.cpp">
      <Filter>Source Files</Filter>
    </ClCompile>
    <ClCompile Include="guibld.cpp">
      <Filter>Source Files</Filter>
    </ClCompile>
    <ClCompile Include="guicb.cpp">
      <Filter>Source Files</Filter>
    </ClCompile>
    <ClCompile Include="guidefs.cpp">
      <Filter>Source Files</Filter>
    </ClCompile>
    <ClCompile Include="main.cpp">
      <Filter>Source Files</Filter>
    </ClCompile>
    <ClCompile Include="CritPointGraph.cpp">
      <Filter>Source Files</Filter>
    </ClCompile>
  </ItemGroup>
  <ItemGroup>
    <ClInclude Include="ADDGLBL.h">
      <Filter>Header Files</Filter>
    </ClInclude>
    <ClInclude Include="ADDONVER.h">
      <Filter>Header Files</Filter>
    </ClInclude>
    <ClInclude Include="ENGINE.h">
      <Filter>Header Files</Filter>
    </ClInclude>
    <ClInclude Include="GUIDEFS.h">
      <Filter>Header Files</Filter>
    </ClInclude>
    <ClInclude Include="STDAFX.h">
      <Filter>Header Files</Filter>
    </ClInclude>
    <ClInclude Include="CRITPOINTGRAPH.h">
      <Filter>Header Files</Filter>
    </ClInclude>
  </ItemGroup>
  <ItemGroup>
    <None Include="gui.lay" />
    <None Include="tgb.cfg" />
    <None Include="guicb.tmp" />
  </ItemGroup>
  <ItemGroup>
    <Text Include="ReadMe.txt" />
  </ItemGroup>
</Project>