<?xml version="1.0" encoding="utf-8"?>
<Project ToolsVersion="4.0" xmlns="http://schemas.microsoft.com/developer/msbuild/2003">
  <ItemGroup>
    <Filter Include="Source Files">
      <UniqueIdentifier>{4FC737F1-C7A5-4376-A066-2A32D752A2FF}</UniqueIdentifier>
      <Extensions>cpp;c;cc;cxx;def;odl;idl;hpj;bat;asm;asmx</Extensions>
    </Filter>
    <Filter Include="Header Files">
      <UniqueIdentifier>{93995380-89BD-4b04-88EB-625FBE52EBFB}</UniqueIdentifier>
      <Extensions>h;hh;hpp;hxx;hm;inl;inc;xsd</Extensions>
    </Filter>
    <Filter Include="Resource Files">
      <UniqueIdentifier>{67DA6AB6-F800-4c08-8B7A-83BB121AAD01}</UniqueIdentifier>
      <Extensions>rc;ico;cur;bmp;dlg;rc2;rct;bin;rgs;gif;jpg;jpeg;jpe;resx;tiff;tif;png;wav;mfcribbon-ms</Extensions>
    </Filter>
  </ItemGroup>
  <ItemGroup>
    <ClInclude Include="ADDGLBL.h">
      <Filter>Header Files</Filter>
    </ClInclude>
    <ClInclude Include="ADDONVER.h">
      <Filter>Header Files</Filter>
    </ClInclude>
    <ClInclude Include="GUICB.h">
      <Filter>Header Files</Filter>
    </ClInclude>
    <ClInclude Include="GUIDEFS.h">
      <Filter>Header Files</Filter>
    </ClInclude>
    <ClInclude Include="ZONEVARINFO.h">
      <Filter>Header Files</Filter>
    </ClInclude>
    <ClInclude Include="VIEWRESULTS.h">
      <Filter>Header Files</Filter>
    </ClInclude>
    <ClInclude Include="GBAENGINE.h">
      <Filter>Header Files</Filter>
    </ClInclude>
    <ClInclude Include="INTEGRATE.h">
      <Filter>Header Files</Filter>
    </ClInclude>
    <ClInclude Include="CSM_GBAGUI.h">
      <Filter>Header Files</Filter>
    </ClInclude>
  </ItemGroup>
  <ItemGroup>
    <ClCompile Include="guibld.cpp">
      <Filter>Source Files</Filter>
    </ClCompile>
    <ClCompile Include="guicb.cpp">
      <Filter>Source Files</Filter>
    </ClCompile>
    <ClCompile Include="guidefs.cpp">
      <Filter>Source Files</Filter>
    </ClCompile>
    <ClCompile Include="main.cpp">
      <Filter>Source Files</Filter>
    </ClCompile>
    <ClCompile Include="zonevarinfo.cpp">
      <Filter>Source Files</Filter>
    </ClCompile>
    <ClCompile Include="viewresults.cpp">
      <Filter>Source Files</Filter>
    </ClCompile>
    <ClCompile Include="gbaengine.cpp">
      <Filter>Source Files</Filter>
    </ClCompile>
    <ClCompile Include="integrate.cpp">
      <Filter>Source Files</Filter>
    </ClCompile>
    <ClCompile Include="csm_gbagui.cpp">
      <Filter>Source Files</Filter>
    </ClCompile>
  </ItemGroup>
  <ItemGroup>
    <None Include="gui.lay" />
    <None Include="guicb.tmp" />
  </ItemGroup>
</Project>