<?xml version="1.0" encoding="utf-8"?>
<Project ToolsVersion="4.0" xmlns="http://schemas.microsoft.com/developer/msbuild/2003">
  <ItemGroup>
    <Filter Include="Source Files">
      <UniqueIdentifier>{2e28bc8d-3080-4e27-bc77-e1310e6ed22b}</UniqueIdentifier>
      <Extensions>cpp;c;cxx;rc;def;r;odl;idl;hpj;bat</Extensions>
    </Filter>
    <Filter Include="Header Files">
      <UniqueIdentifier>{4975ae91-67b5-40db-b16c-eecf99952be3}</UniqueIdentifier>
      <Extensions>h;hpp;hxx;hm;inl</Extensions>
    </Filter>
    <Filter Include="Resource Files">
      <UniqueIdentifier>{2990df19-5dd1-4003-b291-051cb4bb6307}</UniqueIdentifier>
      <Extensions>ico;cur;bmp;dlg;rc2;rct;bin;rgs;gif;jpg;jpeg;jpe</Extensions>
    </Filter>
  </ItemGroup>
  <ItemGroup>
    <ClCompile Include="arrlist.cpp">
      <Filter>Source Files</Filter>
    </ClCompile>
    <ClCompile Include="bundles.cpp">
      <Filter>Source Files</Filter>
    </ClCompile>
    <ClCompile Include="critpoints.cpp">
      <Filter>Source Files</Filter>
    </ClCompile>
    <ClCompile Include="engine.cpp">
      <Filter>Source Files</Filter>
    </ClCompile>
    <ClCompile Include="guibld.cpp">
      <Filter>Source Files</Filter>
    </ClCompile>
    <ClCompile Include="guicb.cpp">
      <Filter>Source Files</Filter>
    </ClCompile>
    <ClCompile Include="guidefs.cpp">
      <Filter>Source Files</Filter>
    </ClCompile>
    <ClCompile Include="linearalgebra.cpp">
      <Filter>Source Files</Filter>
    </ClCompile>
    <ClCompile Include="main.cpp">
      <Filter>Source Files</Filter>
    </ClCompile>
  </ItemGroup>
  <ItemGroup>
    <ClInclude Include="ADDGLBL.h">
      <Filter>Header Files</Filter>
    </ClInclude>
    <ClInclude Include="ADDONVER.h">
      <Filter>Header Files</Filter>
    </ClInclude>
    <ClInclude Include="ALLOC.h">
      <Filter>Header Files</Filter>
    </ClInclude>
    <ClInclude Include="ARRLIST.h">
      <Filter>Header Files</Filter>
    </ClInclude>
    <ClInclude Include="BUNDLES.h">
      <Filter>Header Files</Filter>
    </ClInclude>
    <ClInclude Include="CRITPOINTS.h">
      <Filter>Header Files</Filter>
    </ClInclude>
    <ClInclude Include="ENGINE.h">
      <Filter>Header Files</Filter>
    </ClInclude>
    <ClInclude Include="GUIDEFS.h">
      <Filter>Header Files</Filter>
    </ClInclude>
    <ClInclude Include="LINEARALGEBRA.h">
      <Filter>Header Files</Filter>
    </ClInclude>
    <ClInclude Include="MAIN.h">
      <Filter>Header Files</Filter>
    </ClInclude>
  </ItemGroup>
  <ItemGroup>
    <None Include="gui.lay" />
    <None Include="tgb.cfg" />
  </ItemGroup>
  <ItemGroup>
    <Text Include="ReadMe.txt" />
  </ItemGroup>
</Project>